{
  "version": 4,
  "terraform_version": "1.1.7",
  "serial": 706,
  "lineage": "5c1bb2e4-c5a9-a2d2-bc48-f0c40d599d05",
  "outputs": {
    "function_name": {
      "value": "produce-10s",
      "type": "string"
    },
    "function_name_v1": {
      "value": "arn:aws:execute-api:ap-southeast-1:943034724150:nqb0dyjv5e",
      "type": "string"
    },
    "lambda_bucket_name": {
      "value": "lambda-source-code-carro",
      "type": "string"
    }
  },
  "resources": [
    {
      "mode": "data",
      "type": "archive_file",
      "name": "compress_source_code",
      "provider": "provider[\"registry.terraform.io/hashicorp/archive\"]",
      "instances": [
        {
          "schema_version": 0,
          "attributes": {
            "excludes": null,
            "id": "6142c71ebae580bbb05872fda02b3362b90f885f",
            "output_base64sha256": "o8KmbZ+vGrbKnUaHGU5MoDzuQrR/+OBkPPhsEPY9J/Q=",
            "output_file_mode": null,
            "output_md5": "978c787a85202410c9ab1e771a3f811d",
            "output_path": "./produce_10s.zip",
            "output_sha": "6142c71ebae580bbb05872fda02b3362b90f885f",
            "output_size": 306,
            "source": [],
            "source_content": null,
            "source_content_filename": null,
            "source_dir": "./produce-10s",
            "source_file": null,
            "type": "zip"
          },
          "sensitive_attributes": []
        }
      ]
    },
    {
      "mode": "managed",
      "type": "aws_api_gateway_deployment",
      "name": "rest_api_deployment",
      "provider": "provider[\"registry.terraform.io/hashicorp/aws\"]",
      "instances": [
        {
          "schema_version": 0,
          "attributes": {
            "created_date": "2022-06-08T07:04:31Z",
            "description": "",
            "execution_arn": "arn:aws:execute-api:ap-southeast-1:943034724150:nqb0dyjv5e/",
            "id": "0al2so",
            "invoke_url": "https://nqb0dyjv5e.execute-api.ap-southeast-1.amazonaws.com/",
            "rest_api_id": "nqb0dyjv5e",
            "stage_description": null,
            "stage_name": null,
            "triggers": {
              "redeployment": "556704147f47b26b132d5542fff0fd157a4f65b5"
            },
            "variables": null
          },
          "sensitive_attributes": [],
          "private": "bnVsbA==",
          "dependencies": [
            "aws_api_gateway_integration.rest_api_get_method_integration",
            "aws_api_gateway_method.rest_api_get_method",
            "aws_api_gateway_resource.rest_api_resource",
            "aws_api_gateway_rest_api.rest_api",
            "aws_iam_role.lambda_exec",
            "aws_lambda_function.produce_10s",
            "aws_s3_bucket.bucket_lambda",
            "aws_s3_object.produce_10s_source_code",
            "data.archive_file.compress_source_code"
          ]
        }
      ]
    },
    {
      "mode": "managed",
      "type": "aws_api_gateway_integration",
      "name": "rest_api_get_method_integration",
      "provider": "provider[\"registry.terraform.io/hashicorp/aws\"]",
      "instances": [
        {
          "schema_version": 0,
          "attributes": {
            "cache_key_parameters": null,
            "cache_namespace": "8gghn7",
            "connection_id": "",
            "connection_type": "INTERNET",
            "content_handling": "",
            "credentials": "",
            "http_method": "GET",
            "id": "agi-nqb0dyjv5e-8gghn7-GET",
            "integration_http_method": "POST",
            "passthrough_behavior": "WHEN_NO_MATCH",
            "request_parameters": null,
            "request_templates": null,
            "resource_id": "8gghn7",
            "rest_api_id": "nqb0dyjv5e",
            "timeout_milliseconds": 29000,
            "tls_config": [],
            "type": "AWS_PROXY",
            "uri": "arn:aws:apigateway:ap-southeast-1:lambda:path/2015-03-31/functions/arn:aws:lambda:ap-southeast-1:943034724150:function:produce-10s/invocations"
          },
          "sensitive_attributes": [],
          "private": "bnVsbA==",
          "dependencies": [
            "aws_api_gateway_method.rest_api_get_method",
            "aws_api_gateway_resource.rest_api_resource",
            "aws_api_gateway_rest_api.rest_api",
            "aws_iam_role.lambda_exec",
            "aws_lambda_function.produce_10s",
            "aws_s3_bucket.bucket_lambda",
            "aws_s3_object.produce_10s_source_code",
            "data.archive_file.compress_source_code"
          ]
        }
      ]
    },
    {
      "mode": "managed",
      "type": "aws_api_gateway_method",
      "name": "rest_api_get_method",
      "provider": "provider[\"registry.terraform.io/hashicorp/aws\"]",
      "instances": [
        {
          "schema_version": 0,
          "attributes": {
            "api_key_required": false,
            "authorization": "NONE",
            "authorization_scopes": null,
            "authorizer_id": null,
            "http_method": "GET",
            "id": "agm-nqb0dyjv5e-8gghn7-GET",
            "operation_name": null,
            "request_models": null,
            "request_parameters": null,
            "request_validator_id": null,
            "resource_id": "8gghn7",
            "rest_api_id": "nqb0dyjv5e"
          },
          "sensitive_attributes": [],
          "private": "bnVsbA==",
          "dependencies": [
            "aws_api_gateway_resource.rest_api_resource",
            "aws_api_gateway_rest_api.rest_api"
          ]
        }
      ]
    },
    {
      "mode": "managed",
      "type": "aws_api_gateway_method_settings",
      "name": "example",
      "provider": "provider[\"registry.terraform.io/hashicorp/aws\"]",
      "instances": [
        {
          "schema_version": 0,
          "attributes": {
            "id": "nqb0dyjv5e-STG-*/*",
            "method_path": "*/*",
            "rest_api_id": "nqb0dyjv5e",
            "settings": [
              {
                "cache_data_encrypted": false,
                "cache_ttl_in_seconds": 300,
                "caching_enabled": false,
                "data_trace_enabled": false,
                "logging_level": "INFO",
                "metrics_enabled": true,
                "require_authorization_for_cache_control": true,
                "throttling_burst_limit": -1,
                "throttling_rate_limit": -1,
                "unauthorized_cache_control_header_strategy": "SUCCEED_WITH_RESPONSE_HEADER"
              }
            ],
            "stage_name": "STG"
          },
          "sensitive_attributes": [],
          "private": "bnVsbA==",
          "dependencies": [
            "aws_api_gateway_deployment.rest_api_deployment",
            "aws_api_gateway_integration.rest_api_get_method_integration",
            "aws_api_gateway_method.rest_api_get_method",
            "aws_api_gateway_resource.rest_api_resource",
            "aws_api_gateway_rest_api.rest_api",
            "aws_api_gateway_stage.rest_api_stage",
            "aws_iam_role.lambda_exec",
            "aws_lambda_function.produce_10s",
            "aws_s3_bucket.bucket_lambda",
            "aws_s3_object.produce_10s_source_code",
            "data.archive_file.compress_source_code"
          ]
        }
      ]
    },
    {
      "mode": "managed",
      "type": "aws_api_gateway_resource",
      "name": "rest_api_resource",
      "provider": "provider[\"registry.terraform.io/hashicorp/aws\"]",
      "instances": [
        {
          "schema_version": 0,
          "attributes": {
            "id": "8gghn7",
            "parent_id": "uvdwwfjfih",
            "path": "/produce_10s",
            "path_part": "produce_10s",
            "rest_api_id": "nqb0dyjv5e"
          },
          "sensitive_attributes": [],
          "private": "bnVsbA==",
          "dependencies": [
            "aws_api_gateway_rest_api.rest_api"
          ]
        }
      ]
    },
    {
      "mode": "managed",
      "type": "aws_api_gateway_rest_api",
      "name": "rest_api",
      "provider": "provider[\"registry.terraform.io/hashicorp/aws\"]",
      "instances": [
        {
          "schema_version": 0,
          "attributes": {
            "api_key_source": "HEADER",
            "arn": "arn:aws:apigateway:ap-southeast-1::/restapis/nqb0dyjv5e",
            "binary_media_types": [],
            "body": null,
            "created_date": "2022-06-08T07:04:04Z",
            "description": "",
            "disable_execute_api_endpoint": false,
            "endpoint_configuration": [
              {
                "types": [
                  "REGIONAL"
                ],
                "vpc_endpoint_ids": []
              }
            ],
            "execution_arn": "arn:aws:execute-api:ap-southeast-1:943034724150:nqb0dyjv5e",
            "id": "nqb0dyjv5e",
            "minimum_compression_size": -1,
            "name": "acoustic-apigateway-carro",
            "parameters": null,
            "policy": "",
            "root_resource_id": "uvdwwfjfih",
            "tags": null,
            "tags_all": {}
          },
          "sensitive_attributes": [],
          "private": "bnVsbA=="
        }
      ]
    },
    {
      "mode": "managed",
      "type": "aws_api_gateway_stage",
      "name": "rest_api_stage",
      "provider": "provider[\"registry.terraform.io/hashicorp/aws\"]",
      "instances": [
        {
          "schema_version": 0,
          "attributes": {
            "access_log_settings": [],
            "arn": "arn:aws:apigateway:ap-southeast-1::/restapis/nqb0dyjv5e/stages/STG",
            "cache_cluster_enabled": false,
            "cache_cluster_size": "",
            "client_certificate_id": "",
            "deployment_id": "0al2so",
            "description": "",
            "documentation_version": "",
            "execution_arn": "arn:aws:execute-api:ap-southeast-1:943034724150:nqb0dyjv5e/STG",
            "id": "ags-nqb0dyjv5e-STG",
            "invoke_url": "https://nqb0dyjv5e.execute-api.ap-southeast-1.amazonaws.com/STG",
            "rest_api_id": "nqb0dyjv5e",
            "stage_name": "STG",
            "tags": null,
            "tags_all": {},
            "variables": null,
            "web_acl_arn": "",
            "xray_tracing_enabled": false
          },
          "sensitive_attributes": [],
          "private": "bnVsbA==",
          "dependencies": [
            "aws_api_gateway_deployment.rest_api_deployment",
            "aws_api_gateway_integration.rest_api_get_method_integration",
            "aws_api_gateway_method.rest_api_get_method",
            "aws_api_gateway_resource.rest_api_resource",
            "aws_api_gateway_rest_api.rest_api",
            "aws_iam_role.lambda_exec",
            "aws_lambda_function.produce_10s",
            "aws_s3_bucket.bucket_lambda",
            "aws_s3_object.produce_10s_source_code",
            "data.archive_file.compress_source_code"
          ]
        }
      ]
    },
    {
      "mode": "managed",
      "type": "aws_cloudwatch_log_group",
      "name": "produce_10s_api_gw",
      "provider": "provider[\"registry.terraform.io/hashicorp/aws\"]",
      "instances": [
        {
          "schema_version": 0,
          "attributes": {
            "arn": "arn:aws:logs:ap-southeast-1:943034724150:log-group:/aws/produce_10s_api_gw/acoustic-apigateway-carro",
            "id": "/aws/produce_10s_api_gw/acoustic-apigateway-carro",
            "kms_key_id": "",
            "name": "/aws/produce_10s_api_gw/acoustic-apigateway-carro",
            "name_prefix": null,
            "retention_in_days": 30,
            "tags": null,
            "tags_all": {}
          },
          "sensitive_attributes": [],
          "private": "bnVsbA==",
          "dependencies": [
            "aws_api_gateway_rest_api.rest_api"
          ]
        }
      ]
    },
    {
      "mode": "managed",
      "type": "aws_cloudwatch_log_group",
      "name": "produce_10s_cloudwatch_group",
      "provider": "provider[\"registry.terraform.io/hashicorp/aws\"]",
      "instances": [
        {
          "schema_version": 0,
          "attributes": {
            "arn": "arn:aws:logs:ap-southeast-1:943034724150:log-group:/aws/lambda/produce-10s",
            "id": "/aws/lambda/produce-10s",
            "kms_key_id": "",
            "name": "/aws/lambda/produce-10s",
            "name_prefix": null,
            "retention_in_days": 30,
            "tags": null,
            "tags_all": {}
          },
          "sensitive_attributes": [],
          "private": "bnVsbA==",
          "dependencies": [
            "aws_iam_role.lambda_exec",
            "aws_lambda_function.produce_10s",
            "aws_s3_bucket.bucket_lambda",
            "aws_s3_object.produce_10s_source_code",
            "data.archive_file.compress_source_code"
          ]
        }
      ]
    },
    {
      "mode": "managed",
      "type": "aws_iam_role",
      "name": "lambda_exec",
      "provider": "provider[\"registry.terraform.io/hashicorp/aws\"]",
      "instances": [
        {
          "schema_version": 0,
          "attributes": {
            "arn": "arn:aws:iam::943034724150:role/serverless_lambda",
            "assume_role_policy": "{\"Version\":\"2012-10-17\",\"Statement\":[{\"Sid\":\"\",\"Effect\":\"Allow\",\"Principal\":{\"Service\":\"lambda.amazonaws.com\"},\"Action\":\"sts:AssumeRole\"}]}",
            "create_date": "2022-06-08T07:04:04Z",
            "description": "",
            "force_detach_policies": false,
            "id": "serverless_lambda",
            "inline_policy": [
              {
                "name": "",
                "policy": ""
              }
            ],
            "managed_policy_arns": [],
            "max_session_duration": 3600,
            "name": "serverless_lambda",
            "name_prefix": "",
            "path": "/",
            "permissions_boundary": null,
            "tags": null,
            "tags_all": {},
            "unique_id": "AROA5XEJ7543NKKOU26HL"
          },
          "sensitive_attributes": [],
          "private": "bnVsbA=="
        }
      ]
    },
    {
      "mode": "managed",
      "type": "aws_lambda_function",
      "name": "produce_10s",
      "provider": "provider[\"registry.terraform.io/hashicorp/aws\"]",
      "instances": [
        {
          "schema_version": 0,
          "attributes": {
            "architectures": [
              "x86_64"
            ],
            "arn": "arn:aws:lambda:ap-southeast-1:943034724150:function:produce-10s",
            "code_signing_config_arn": "",
            "dead_letter_config": [],
            "description": "",
            "environment": [],
            "file_system_config": [],
            "filename": null,
            "function_name": "produce-10s",
            "handler": "produce_10s.lambda_handler",
            "id": "produce-10s",
            "image_config": [],
            "image_uri": "",
            "invoke_arn": "arn:aws:apigateway:ap-southeast-1:lambda:path/2015-03-31/functions/arn:aws:lambda:ap-southeast-1:943034724150:function:produce-10s/invocations",
            "kms_key_arn": "",
            "last_modified": "2022-06-08T07:04:17.176+0000",
            "layers": null,
            "memory_size": 128,
            "package_type": "Zip",
            "publish": false,
            "qualified_arn": "arn:aws:lambda:ap-southeast-1:943034724150:function:produce-10s:$LATEST",
            "reserved_concurrent_executions": -1,
            "role": "arn:aws:iam::943034724150:role/serverless_lambda",
            "runtime": "python3.8",
            "s3_bucket": "lambda-source-code-carro",
            "s3_key": "produce_10s.zip",
            "s3_object_version": null,
            "signing_job_arn": "",
            "signing_profile_version_arn": "",
            "source_code_hash": "o8KmbZ+vGrbKnUaHGU5MoDzuQrR/+OBkPPhsEPY9J/Q=",
            "source_code_size": 306,
            "tags": null,
            "tags_all": {},
            "timeout": 300,
            "timeouts": null,
            "tracing_config": [
              {
                "mode": "PassThrough"
              }
            ],
            "version": "$LATEST",
            "vpc_config": []
          },
          "sensitive_attributes": [],
          "private": "eyJlMmJmYjczMC1lY2FhLTExZTYtOGY4OC0zNDM2M2JjN2M0YzAiOnsiY3JlYXRlIjo2MDAwMDAwMDAwMDB9fQ==",
          "dependencies": [
            "aws_iam_role.lambda_exec",
            "aws_s3_bucket.bucket_lambda",
            "aws_s3_object.produce_10s_source_code",
            "data.archive_file.compress_source_code"
          ]
        }
      ]
    },
    {
      "mode": "managed",
      "type": "aws_lambda_permission",
      "name": "apigw",
      "provider": "provider[\"registry.terraform.io/hashicorp/aws\"]",
      "instances": [
        {
          "schema_version": 0,
          "attributes": {
            "action": "lambda:InvokeFunction",
            "event_source_token": null,
            "function_name": "produce-10s",
            "id": "AllowExecutionFromAPIGateway",
            "principal": "apigateway.amazonaws.com",
            "qualifier": "",
            "source_account": null,
            "source_arn": "arn:aws:execute-api:ap-southeast-1:943034724150:nqb0dyjv5e/*/*",
            "statement_id": "AllowExecutionFromAPIGateway",
            "statement_id_prefix": null
          },
          "sensitive_attributes": [],
          "private": "bnVsbA==",
          "dependencies": [
            "aws_api_gateway_rest_api.rest_api",
            "aws_iam_role.lambda_exec",
            "aws_lambda_function.produce_10s",
            "aws_s3_bucket.bucket_lambda",
            "aws_s3_object.produce_10s_source_code",
            "data.archive_file.compress_source_code"
          ]
        }
      ]
    },
    {
      "mode": "managed",
      "type": "aws_s3_bucket",
      "name": "bucket_lambda",
      "provider": "provider[\"registry.terraform.io/hashicorp/aws\"]",
      "instances": [
        {
          "schema_version": 0,
          "attributes": {
            "acceleration_status": "",
            "acl": "private",
            "arn": "arn:aws:s3:::lambda-source-code-carro",
            "bucket": "lambda-source-code-carro",
            "bucket_domain_name": "lambda-source-code-carro.s3.amazonaws.com",
            "bucket_prefix": null,
            "bucket_regional_domain_name": "lambda-source-code-carro.s3.ap-southeast-1.amazonaws.com",
            "cors_rule": [],
            "force_destroy": false,
            "grant": [],
            "hosted_zone_id": "Z3O0J2DXBE1FTB",
            "id": "lambda-source-code-carro",
            "lifecycle_rule": [],
            "logging": [],
            "object_lock_configuration": [],
            "policy": "",
            "region": "ap-southeast-1",
            "replication_configuration": [],
            "request_payer": "BucketOwner",
            "server_side_encryption_configuration": [],
            "tags": null,
            "tags_all": {},
            "versioning": [
              {
                "enabled": false,
                "mfa_delete": false
              }
            ],
            "website": [],
            "website_domain": null,
            "website_endpoint": null
          },
          "sensitive_attributes": [],
          "private": "bnVsbA=="
        }
      ]
    },
    {
      "mode": "managed",
      "type": "aws_s3_object",
      "name": "produce_10s_source_code",
      "provider": "provider[\"registry.terraform.io/hashicorp/aws\"]",
      "instances": [
        {
          "schema_version": 0,
          "attributes": {
            "acl": "private",
            "bucket": "lambda-source-code-carro",
            "bucket_key_enabled": false,
            "cache_control": "",
            "content": null,
            "content_base64": null,
            "content_disposition": "",
            "content_encoding": "",
            "content_language": "",
            "content_type": "binary/octet-stream",
            "etag": "978c787a85202410c9ab1e771a3f811d",
            "force_destroy": false,
            "id": "produce_10s.zip",
            "key": "produce_10s.zip",
            "kms_key_id": null,
            "metadata": null,
            "object_lock_legal_hold_status": "",
            "object_lock_mode": "",
            "object_lock_retain_until_date": "",
            "server_side_encryption": "",
            "source": "./produce_10s.zip",
            "source_hash": null,
            "storage_class": "STANDARD",
            "tags": null,
            "tags_all": {},
            "version_id": "",
            "website_redirect": ""
          },
          "sensitive_attributes": [],
          "private": "bnVsbA==",
          "dependencies": [
            "aws_s3_bucket.bucket_lambda",
            "data.archive_file.compress_source_code"
          ]
        }
      ]
    }
  ]
}
